// !$*UTF8*$!
{
	archiveVersion = 1;
	classes = {
	};
	objectVersion = 46;
	objects = {

/* Begin PBXBuildFile section */
		0AFAD5271B8A03EA00ED817D /* main.m in Sources */ = {isa = PBXBuildFile; fileRef = 0AFAD5261B8A03EA00ED817D /* main.m */; };
		0AFAD52A1B8A03EA00ED817D /* AppDelegate.m in Sources */ = {isa = PBXBuildFile; fileRef = 0AFAD5291B8A03EA00ED817D /* AppDelegate.m */; };
		0AFAD52D1B8A03EA00ED817D /* ViewController.m in Sources */ = {isa = PBXBuildFile; fileRef = 0AFAD52C1B8A03EA00ED817D /* ViewController.m */; };
		0AFAD5301B8A03EA00ED817D /* Main.storyboard in Resources */ = {isa = PBXBuildFile; fileRef = 0AFAD52E1B8A03EA00ED817D /* Main.storyboard */; };
		0AFAD5321B8A03EA00ED817D /* Images.xcassets in Resources */ = {isa = PBXBuildFile; fileRef = 0AFAD5311B8A03EA00ED817D /* Images.xcassets */; };
		0AFAD5351B8A03EA00ED817D /* LaunchScreen.xib in Resources */ = {isa = PBXBuildFile; fileRef = 0AFAD5331B8A03EA00ED817D /* LaunchScreen.xib */; };
		0AFAD5411B8A03EA00ED817D /* AVPlayerCacheTests.m in Sources */ = {isa = PBXBuildFile; fileRef = 0AFAD5401B8A03EA00ED817D /* AVPlayerCacheTests.m */; };
/* End PBXBuildFile section */

/* Begin PBXContainerItemProxy section */
		0AFAD53B1B8A03EA00ED817D /* PBXContainerItemProxy */ = {
			isa = PBXContainerItemProxy;
			containerPortal = 0AFAD5191B8A03EA00ED817D /* Project object */;
			proxyType = 1;
			remoteGlobalIDString = 0AFAD5201B8A03EA00ED817D;
			remoteInfo = AVPlayerCache;
		};
/* End PBXContainerItemProxy section */

/* Begin PBXFileReference section */
		0AFAD5211B8A03EA00ED817D /* AVPlayerCache.app */ = {isa = PBXFileReference; explicitFileType = wrapper.application; includeInIndex = 0; path = AVPlayerCache.app; sourceTree = BUILT_PRODUCTS_DIR; };
		0AFAD5251B8A03EA00ED817D /* Info.plist */ = {isa = PBXFileReference; lastKnownFileType = text.plist.xml; path = Info.plist; sourceTree = "<group>"; };
		0AFAD5261B8A03EA00ED817D /* main.m */ = {isa = PBXFileReference; lastKnownFileType = sourcecode.c.objc; path = main.m; sourceTree = "<group>"; };
		0AFAD5281B8A03EA00ED817D /* AppDelegate.h */ = {isa = PBXFileReference; lastKnownFileType = sourcecode.c.h; path = AppDelegate.h; sourceTree = "<group>"; };
		0AFAD5291B8A03EA00ED817D /* AppDelegate.m */ = {isa = PBXFileReference; lastKnownFileType = sourcecode.c.objc; path = AppDelegate.m; sourceTree = "<group>"; };
		0AFAD52B1B8A03EA00ED817D /* ViewController.h */ = {isa = PBXFileReference; lastKnownFileType = sourcecode.c.h; path = ViewController.h; sourceTree = "<group>"; };
		0AFAD52C1B8A03EA00ED817D /* ViewController.m */ = {isa = PBXFileReference; lastKnownFileType = sourcecode.c.objc; path = ViewController.m; sourceTree = "<group>"; };
		0AFAD52F1B8A03EA00ED817D /* Base */ = {isa = PBXFileReference; lastKnownFileType = file.storyboard; name = Base; path = Base.lproj/Main.storyboard; sourceTree = "<group>"; };
		0AFAD5311B8A03EA00ED817D /* Images.xcassets */ = {isa = PBXFileReference; lastKnownFileType = folder.assetcatalog; path = Images.xcassets; sourceTree = "<group>"; };
		0AFAD5341B8A03EA00ED817D /* Base */ = {isa = PBXFileReference; lastKnownFileType = file.xib; name = Base; path = Base.lproj/LaunchScreen.xib; sourceTree = "<group>"; };
		0AFAD53A1B8A03EA00ED817D /* AVPlayerCacheTests.xctest */ = {isa = PBXFileReference; explicitFileType = wrapper.cfbundle; includeInIndex = 0; path = AVPlayerCacheTests.xctest; sourceTree = BUILT_PRODUCTS_DIR; };
		0AFAD53F1B8A03EA00ED817D /* Info.plist */ = {isa = PBXFileReference; lastKnownFileType = text.plist.xml; path = Info.plist; sourceTree = "<group>"; };
		0AFAD5401B8A03EA00ED817D /* AVPlayerCacheTests.m */ = {isa = PBXFileReference; lastKnownFileType = sourcecode.c.objc; path = AVPlayerCacheTests.m; sourceTree = "<group>"; };
/* End PBXFileReference section */

/* Begin PBXFrameworksBuildPhase section */
		0AFAD51E1B8A03EA00ED817D /* Frameworks */ = {
			isa = PBXFrameworksBuildPhase;
			buildActionMask = 2147483647;
			files = (
			);
			runOnlyForDeploymentPostprocessing = 0;
		};
		0AFAD5371B8A03EA00ED817D /* Frameworks */ = {
			isa = PBXFrameworksBuildPhase;
			buildActionMask = 2147483647;
			files = (
			);
			runOnlyForDeploymentPostprocessing = 0;
		};
/* End PBXFrameworksBuildPhase section */

/* Begin PBXGroup section */
		0AFAD5181B8A03EA00ED817D = {
			isa = PBXGroup;
			children = (
				0AFAD5231B8A03EA00ED817D /* AVPlayerCache */,
				0AFAD53D1B8A03EA00ED817D /* AVPlayerCacheTests */,
				0AFAD5221B8A03EA00ED817D /* Products */,
			);
			sourceTree = "<group>";
		};
		0AFAD5221B8A03EA00ED817D /* Products */ = {
			isa = PBXGroup;
			children = (
				0AFAD5211B8A03EA00ED817D /* AVPlayerCache.app */,
				0AFAD53A1B8A03EA00ED817D /* AVPlayerCacheTests.xctest */,
			);
			name = Products;
			sourceTree = "<group>";
		};
		0AFAD5231B8A03EA00ED817D /* AVPlayerCache */ = {
			isa = PBXGroup;
			children = (
				0AFAD5281B8A03EA00ED817D /* AppDelegate.h */,
				0AFAD5291B8A03EA00ED817D /* AppDelegate.m */,
				0AFAD52B1B8A03EA00ED817D /* ViewController.h */,
				0AFAD52C1B8A03EA00ED817D /* ViewController.m */,
				0AFAD52E1B8A03EA00ED817D /* Main.storyboard */,
				0AFAD5311B8A03EA00ED817D /* Images.xcassets */,
				0AFAD5331B8A03EA00ED817D /* LaunchScreen.xib */,
				0AFAD5241B8A03EA00ED817D /* Supporting Files */,
			);
			path = AVPlayerCache;
			sourceTree = "<group>";
		};
		0AFAD5241B8A03EA00ED817D /* Supporting Files */ = {
			isa = PBXGroup;
			children = (
				0AFAD5251B8A03EA00ED817D /* Info.plist */,
				0AFAD5261B8A03EA00ED817D /* main.m */,
			);
			name = "Supporting Files";
			sourceTree = "<group>";
		};
		0AFAD53D1B8A03EA00ED817D /* AVPlayerCacheTests */ = {
			isa = PBXGroup;
			children = (
				0AFAD5401B8A03EA00ED817D /* AVPlayerCacheTests.m */,
				0AFAD53E1B8A03EA00ED817D /* Supporting Files */,
			);
			path = AVPlayerCacheTests;
			sourceTree = "<group>";
		};
		0AFAD53E1B8A03EA00ED817D /* Supporting Files */ = {
			isa = PBXGroup;
			children = (
				0AFAD53F1B8A03EA00ED817D /* Info.plist */,
			);
			name = "Supporting Files";
			sourceTree = "<group>";
		};
/* End PBXGroup section */

/* Begin PBXNativeTarget section */
		0AFAD5201B8A03EA00ED817D /* AVPlayerCache */ = {
			isa = PBXNativeTarget;
			buildConfigurationList = 0AFAD5441B8A03EA00ED817D /* Build configuration list for PBXNativeTarget "AVPlayerCache" */;
			buildPhases = (
				0AFAD51D1B8A03EA00ED817D /* Sources */,
				0AFAD51E1B8A03EA00ED817D /* Frameworks */,
				0AFAD51F1B8A03EA00ED817D /* Resources */,
			);
			buildRules = (
			);
			dependencies = (
			);
			name = AVPlayerCache;
			productName = AVPlayerCache;
			productReference = 0AFAD5211B8A03EA00ED817D /* AVPlayerCache.app */;
			productType = "com.apple.product-type.application";
		};
		0AFAD5391B8A03EA00ED817D /* AVPlayerCacheTests */ = {
			isa = PBXNativeTarget;
			buildConfigurationList = 0AFAD5471B8A03EA00ED817D /* Build configuration list for PBXNativeTarget "AVPlayerCacheTests" */;
			buildPhases = (
				0AFAD5361B8A03EA00ED817D /* Sources */,
				0AFAD5371B8A03EA00ED817D /* Frameworks */,
				0AFAD5381B8A03EA00ED817D /* Resources */,
			);
			buildRules = (
			);
			dependencies = (
				0AFAD53C1B8A03EA00ED817D /* PBXTargetDependency */,
			);
			name = AVPlayerCacheTests;
			productName = AVPlayerCacheTests;
			productReference = 0AFAD53A1B8A03EA00ED817D /* AVPlayerCacheTests.xctest */;
			productType = "com.apple.product-type.bundle.unit-test";
		};
/* End PBXNativeTarget section */

/* Begin PBXProject section */
		0AFAD5191B8A03EA00ED817D /* Project object */ = {
			isa = PBXProject;
			attributes = {
				LastUpgradeCheck = 0640;
				ORGANIZATIONNAME = Home;
				TargetAttributes = {
					0AFAD5201B8A03EA00ED817D = {
						CreatedOnToolsVersion = 6.4;
					};
					0AFAD5391B8A03EA00ED817D = {
						CreatedOnToolsVersion = 6.4;
						TestTargetID = 0AFAD5201B8A03EA00ED817D;
					};
				};
			};
			buildConfigurationList = 0AFAD51C1B8A03EA00ED817D /* Build configuration list for PBXProject "AVPlayerCache" */;
			compatibilityVersion = "Xcode 3.2";
			developmentRegion = English;
			hasScannedForEncodings = 0;
			knownRegions = (
				en,
				Base,
			);
			mainGroup = 0AFAD5181B8A03EA00ED817D;
			productRefGroup = 0AFAD5221B8A03EA00ED817D /* Products */;
			projectDirPath = "";
			projectRoot = "";
			targets = (
				0AFAD5201B8A03EA00ED817D /* AVPlayerCache */,
				0AFAD5391B8A03EA00ED817D /* AVPlayerCacheTests */,
			);
		};
/* End PBXProject section */

/* Begin PBXResourcesBuildPhase section */
		0AFAD51F1B8A03EA00ED817D /* Resources */ = {
			isa = PBXResourcesBuildPhase;
			buildActionMask = 2147483647;
			files = (
				0AFAD5301B8A03EA00ED817D /* Main.storyboard in Resources */,
				0AFAD5351B8A03EA00ED817D /* LaunchScreen.xib in Resources */,
				0AFAD5321B8A03EA00ED817D /* Images.xcassets in Resources */,
			);
			runOnlyForDeploymentPostprocessing = 0;
		};
		0AFAD5381B8A03EA00ED817D /* Resources */ = {
			isa = PBXResourcesBuildPhase;
			buildActionMask = 2147483647;
			files = (
			);
			runOnlyForDeploymentPostprocessing = 0;
		};
/* End PBXResourcesBuildPhase section */

/* Begin PBXSourcesBuildPhase section */
		0AFAD51D1B8A03EA00ED817D /* Sources */ = {
			isa = PBXSourcesBuildPhase;
			buildActionMask = 2147483647;
			files = (
				0AFAD52D1B8A03EA00ED817D /* ViewController.m in Sources */,
				0AFAD52A1B8A03EA00ED817D /* AppDelegate.m in Sources */,
				0AFAD5271B8A03EA00ED817D /* main.m in Sources */,
			);
			runOnlyForDeploymentPostprocessing = 0;
		};
		0AFAD5361B8A03EA00ED817D /* Sources */ = {
			isa = PBXSourcesBuildPhase;
			buildActionMask = 2147483647;
			files = (
				0AFAD5411B8A03EA00ED817D /* AVPlayerCacheTests.m in Sources */,
			);
			runOnlyForDeploymentPostprocessing = 0;
		};
/* End PBXSourcesBuildPhase section */

/* Begin PBXTargetDependency section */
		0AFAD53C1B8A03EA00ED817D /* PBXTargetDependency */ = {
			isa = PBXTargetDependency;
			target = 0AFAD5201B8A03EA00ED817D /* AVPlayerCache */;
			targetProxy = 0AFAD53B1B8A03EA00ED817D /* PBXContainerItemProxy */;
		};
/* End PBXTargetDependency section */

/* Begin PBXVariantGroup section */
		0AFAD52E1B8A03EA00ED817D /* Main.storyboard */ = {
			isa = PBXVariantGroup;
			children = (
				0AFAD52F1B8A03EA00ED817D /* Base */,
			);
			name = Main.storyboard;
			sourceTree = "<group>";
		};
		0AFAD5331B8A03EA00ED817D /* LaunchScreen.xib */ = {
			isa = PBXVariantGroup;
			children = (
				0AFAD5341B8A03EA00ED817D /* Base */,
			);
			name = LaunchScreen.xib;
			sourceTree = "<group>";
		};
/* End PBXVariantGroup section */

/* Begin XCBuildConfiguration section */
		0AFAD5421B8A03EA00ED817D /* Debug */ = {
			isa = XCBuildConfiguration;
			buildSettings = {
				ALWAYS_SEARCH_USER_PATHS = NO;
				CLANG_CXX_LANGUAGE_STANDARD = "gnu++0x";
				CLANG_CXX_LIBRARY = "libc++";
				CLANG_ENABLE_MODULES = YES;
				CLANG_ENABLE_OBJC_ARC = YES;
				CLANG_WARN_BOOL_CONVERSION = YES;
				CLANG_WARN_CONSTANT_CONVERSION = YES;
				CLANG_WARN_DIRECT_OBJC_ISA_USAGE = YES_ERROR;
				CLANG_WARN_EMPTY_BODY = YES;
				CLANG_WARN_ENUM_CONVERSION = YES;
				CLANG_WARN_INT_CONVERSION = YES;
				CLANG_WARN_OBJC_ROOT_CLASS = YES_ERROR;
				CLANG_WARN_UNREACHABLE_CODE = YES;
				CLANG_WARN__DUPLICATE_METHOD_MATCH = YES;
				"CODE_SIGN_IDENTITY[sdk=iphoneos*]" = "iPhone Developer";
				COPY_PHASE_STRIP = NO;
				DEBUG_INFORMATION_FORMAT = "dwarf-with-dsym";
				ENABLE_STRICT_OBJC_MSGSEND = YES;
				GCC_C_LANGUAGE_STANDARD = gnu99;
				GCC_DYNAMIC_NO_PIC = NO;
				GCC_NO_COMMON_BLOCKS = YES;
				GCC_OPTIMIZATION_LEVEL = 0;
				GCC_PREPROCESSOR_DEFINITIONS = (
					"DEBUG=1",
					"$(inherited)",
				);
				GCC_SYMBOLS_PRIVATE_EXTERN = NO;
				GCC_WARN_64_TO_32_BIT_CONVERSION = YES;
				GCC_WARN_ABOUT_RETURN_TYPE = YES_ERROR;
				GCC_WARN_UNDECLARED_SELECTOR = YES;
				GCC_WARN_UNINITIALIZED_AUTOS = YES_AGGRESSIVE;
				GCC_WARN_UNUSED_FUNCTION = YES;
				GCC_WARN_UNUSED_VARIABLE = YES;
				IPHONEOS_DEPLOYMENT_TARGET = 8.4;
				MTL_ENABLE_DEBUG_INFO = YES;
				ONLY_ACTIVE_ARCH = YES;
				SDKROOT = iphoneos;
				TARGETED_DEVICE_FAMILY = "1,2";
			};
			name = Debug;
		};
		0AFAD5431B8A03EA00ED817D /* Release */ = {
			isa = XCBuildConfiguration;
			buildSettings = {
				ALWAYS_SEARCH_USER_PATHS = NO;
				CLANG_CXX_LANGUAGE_STANDARD = "gnu++0x";
				CLANG_CXX_LIBRARY = "libc++";
				CLANG_ENABLE_MODULES = YES;
				CLANG_ENABLE_OBJC_ARC = YES;
				CLANG_WARN_BOOL_CONVERSION = YES;
				CLANG_WARN_CONSTANT_CONVERSION = YES;
				CLANG_WARN_DIRECT_OBJC_ISA_USAGE = YES_ERROR;
				CLANG_WARN_EMPTY_BODY = YES;
				CLANG_WARN_ENUM_CONVERSION = YES;
				CLANG_WARN_INT_CONVERSION = YES;
				CLANG_WARN_OBJC_ROOT_CLASS = YES_ERROR;
				CLANG_WARN_UNREACHABLE_CODE = YES;
				CLANG_WARN__DUPLICATE_METHOD_MATCH = YES;
				"CODE_SIGN_IDENTITY[sdk=iphoneos*]" = "iPhone Developer";
				COPY_PHASE_STRIP = NO;
				DEBUG_INFORMATION_FORMAT = "dwarf-with-dsym";
				ENABLE_NS_ASSERTIONS = NO;
				ENABLE_STRICT_OBJC_MSGSEND = YES;
				GCC_C_LANGUAGE_STANDARD = gnu99;
				GCC_NO_COMMON_BLOCKS = YES;
				GCC_WARN_64_TO_32_BIT_CONVERSION = YES;
				GCC_WARN_ABOUT_RETURN_TYPE = YES_ERROR;
				GCC_WARN_UNDECLARED_SELECTOR = YES;
				GCC_WARN_UNINITIALIZED_AUTOS = YES_AGGRESSIVE;
				GCC_WARN_UNUSED_FUNCTION = YES;
				GCC_WARN_UNUSED_VARIABLE = YES;
				IPHONEOS_DEPLOYMENT_TARGET = 8.4;
				MTL_ENABLE_DEBUG_INFO = NO;
				SDKROOT = iphoneos;
				TARGETED_DEVICE_FAMILY = "1,2";
				VALIDATE_PRODUCT = YES;
			};
			name = Release;
		};
		0AFAD5451B8A03EA00ED817D /* Debug */ = {
			isa = XCBuildConfiguration;
			buildSettings = {
				ASSETCATALOG_COMPILER_APPICON_NAME = AppIcon;
				INFOPLIST_FILE = AVPlayerCache/Info.plist;
				LD_RUNPATH_SEARCH_PATHS = "$(inherited) @executable_path/Frameworks";
				PRODUCT_NAME = "$(TARGET_NAME)";
			};
			name = Debug;
		};
		0AFAD5461B8A03EA00ED817D /* Release */ = {
			isa = XCBuildConfiguration;
			buildSettings = {
				ASSETCATALOG_COMPILER_APPICON_NAME = AppIcon;
				INFOPLIST_FILE = AVPlayerCache/Info.plist;
				LD_RUNPATH_SEARCH_PATHS = "$(inherited) @executable_path/Frameworks";
				PRODUCT_NAME = "$(TARGET_NAME)";
			};
			name = Release;
		};
		0AFAD5481B8A03EA00ED817D /* Debug */ = {
			isa = XCBuildConfiguration;
			buildSettings = {
				BUNDLE_LOADER = "$(TEST_HOST)";
				FRAMEWORK_SEARCH_PATHS = (
					"$(SDKROOT)/Developer/Library/Frameworks",
					"$(inherited)",
				);
				GCC_PREPROCESSOR_DEFINITIONS = (
					"DEBUG=1",
					"$(inherited)",
				);
				INFOPLIST_FILE = AVPlayerCacheTests/Info.plist;
				LD_RUNPATH_SEARCH_PATHS = "$(inherited) @executable_path/Frameworks @loader_path/Frameworks";
				PRODUCT_NAME = "$(TARGET_NAME)";
				TEST_HOST = "$(BUILT_PRODUCTS_DIR)/AVPlayerCache.app/AVPlayerCache";
			};
			name = Debug;
		};
		0AFAD5491B8A03EA00ED817D /* Release */ = {
			isa = XCBuildConfiguration;
			buildSettings = {
				BUNDLE_LOADER = "$(TEST_HOST)";
				FRAMEWORK_SEARCH_PATHS = (
					"$(SDKROOT)/Developer/Library/Frameworks",
					"$(inherited)",
				);
				INFOPLIST_FILE = AVPlayerCacheTests/Info.plist;
				LD_RUNPATH_SEARCH_PATHS = "$(inherited) @executable_path/Frameworks @loader_path/Frameworks";
				PRODUCT_NAME = "$(TARGET_NAME)";
				TEST_HOST = "$(BUILT_PRODUCTS_DIR)/AVPlayerCache.app/AVPlayerCache";
			};
			name = Release;
		};
/* End XCBuildConfiguration section */

/* Begin XCConfigurationList section */
		0AFAD51C1B8A03EA00ED817D /* Build configuration list for PBXProject "AVPlayerCache" */ = {
			isa = XCConfigurationList;
			buildConfigurations = (
				0AFAD5421B8A03EA00ED817D /* Debug */,
				0AFAD5431B8A03EA00ED817D /* Release */,
			);
			defaultConfigurationIsVisible = 0;
			defaultConfigurationName = Release;
		};
		0AFAD5441B8A03EA00ED817D /* Build configuration list for PBXNativeTarget "AVPlayerCache" */ = {
			isa = XCConfigurationList;
			buildConfigurations = (
				0AFAD5451B8A03EA00ED817D /* Debug */,
				0AFAD5461B8A03EA00ED817D /* Release */,
			);
			defaultConfigurationIsVisible = 0;
		};
		0AFAD5471B8A03EA00ED817D /* Build configuration list for PBXNativeTarget "AVPlayerCacheTests" */ = {
			isa = XCConfigurationList;
			buildConfigurations = (
				0AFAD5481B8A03EA00ED817D /* Debug */,
				0AFAD5491B8A03EA00ED817D /* Release */,
			);
			defaultConfigurationIsVisible = 0;
		};
/* End XCConfigurationList section */
	};
	rootObject = 0AFAD5191B8A03EA00ED817D /* Project object */;
}
